
Microsoft Visual Studio Solution File, Format Version 12.00
Project("{FAE04EC0-301F-11D3-BF4B-00C04F79EFBC}") = "LambdaEmptyFunction1", "LambdaEmptyFunction1\src\LambdaEmptyFunction1\LambdaEmptyFunction1.csproj", "{BDB38643-E9BB-43CB-A951-9C813B3038DD}"
EndProject
Global
	GlobalSection(SolutionConfigurationPlatforms) = preSolution
		Debug|Any CPU = Debug|Any CPU
		Release|Any CPU = Release|Any CPU
	EndGlobalSection
	GlobalSection(ProjectConfigurationPlatforms) = postSolution
		{BDB38643-E9BB-43CB-A951-9C813B3038DD}.Debug|Any CPU.ActiveCfg = Debug|Any CPU
		{BDB38643-E9BB-43CB-A951-9C813B3038DD}.Debug|Any CPU.Build.0 = Debug|Any CPU
		{BDB38643-E9BB-43CB-A951-9C813B3038DD}.Release|Any CPU.ActiveCfg = Release|Any CPU
		{BDB38643-E9BB-43CB-A951-9C813B3038DD}.Release|Any CPU.Build.0 = Release|Any CPU
	EndGlobalSection
EndGlobal
